
Microsoft Visual Studio Solution File, Format Version 12.00
# Visual Studio Version 16
VisualStudioVersion = 16.0.30717.126
MinimumVisualStudioVersion = 10.0.40219.1
Project("{9A19103F-16F7-4668-BE54-9A1E7A4F7556}") = "LifeManager.API", "src\LifeManager.API\LifeManager.API.csproj", "{51A3A40F-7173-4507-8405-A89386CA0E4B}"
EndProject
Project("{9A19103F-16F7-4668-BE54-9A1E7A4F7556}") = "LifeManager.Domain", "src\LifeManager.Domain\LifeManager.Domain.csproj", "{71BAB668-6863-43D8-8959-8E2F709C1F29}"
EndProject
Project("{9A19103F-16F7-4668-BE54-9A1E7A4F7556}") = "LifeManager.Infra", "src\LifeManager\LifeManager.Infra.csproj", "{FD9BC4E3-78CF-4516-B9A7-0651EE4A2B49}"
EndProject
Project("{9A19103F-16F7-4668-BE54-9A1E7A4F7556}") = "LifeManager.Testes", "src\LifeManager.Testes\LifeManager.Testes.csproj", "{1A2A8B7E-47B1-4E21-8AEA-2419EC544841}"
EndProject
Project("{FAE04EC0-301F-11D3-BF4B-00C04F79EFBC}") = "LifeManager.Application", "src\LifeManager.Application\LifeManager.Application.csproj", "{DF929AA6-DB9C-4DDE-9231-E702421C6F3C}"
EndProject
Global
	GlobalSection(SolutionConfigurationPlatforms) = preSolution
		Debug|Any CPU = Debug|Any CPU
		Release|Any CPU = Release|Any CPU
	EndGlobalSection
	GlobalSection(ProjectConfigurationPlatforms) = postSolution
		{51A3A40F-7173-4507-8405-A89386CA0E4B}.Debug|Any CPU.ActiveCfg = Debug|Any CPU
		{51A3A40F-7173-4507-8405-A89386CA0E4B}.Debug|Any CPU.Build.0 = Debug|Any CPU
		{51A3A40F-7173-4507-8405-A89386CA0E4B}.Release|Any CPU.ActiveCfg = Release|Any CPU
		{51A3A40F-7173-4507-8405-A89386CA0E4B}.Release|Any CPU.Build.0 = Release|Any CPU
		{71BAB668-6863-43D8-8959-8E2F709C1F29}.Debug|Any CPU.ActiveCfg = Debug|Any CPU
		{71BAB668-6863-43D8-8959-8E2F709C1F29}.Debug|Any CPU.Build.0 = Debug|Any CPU
		{71BAB668-6863-43D8-8959-8E2F709C1F29}.Release|Any CPU.ActiveCfg = Release|Any CPU
		{71BAB668-6863-43D8-8959-8E2F709C1F29}.Release|Any CPU.Build.0 = Release|Any CPU
		{FD9BC4E3-78CF-4516-B9A7-0651EE4A2B49}.Debug|Any CPU.ActiveCfg = Debug|Any CPU
		{FD9BC4E3-78CF-4516-B9A7-0651EE4A2B49}.Debug|Any CPU.Build.0 = Debug|Any CPU
		{FD9BC4E3-78CF-4516-B9A7-0651EE4A2B49}.Release|Any CPU.ActiveCfg = Release|Any CPU
		{FD9BC4E3-78CF-4516-B9A7-0651EE4A2B49}.Release|Any CPU.Build.0 = Release|Any CPU
		{1A2A8B7E-47B1-4E21-8AEA-2419EC544841}.Debug|Any CPU.ActiveCfg = Debug|Any CPU
		{1A2A8B7E-47B1-4E21-8AEA-2419EC544841}.Debug|Any CPU.Build.0 = Debug|Any CPU
		{1A2A8B7E-47B1-4E21-8AEA-2419EC544841}.Release|Any CPU.ActiveCfg = Release|Any CPU
		{1A2A8B7E-47B1-4E21-8AEA-2419EC544841}.Release|Any CPU.Build.0 = Release|Any CPU
		{DF929AA6-DB9C-4DDE-9231-E702421C6F3C}.Debug|Any CPU.ActiveCfg = Debug|Any CPU
		{DF929AA6-DB9C-4DDE-9231-E702421C6F3C}.Debug|Any CPU.Build.0 = Debug|Any CPU
		{DF929AA6-DB9C-4DDE-9231-E702421C6F3C}.Release|Any CPU.ActiveCfg = Release|Any CPU
		{DF929AA6-DB9C-4DDE-9231-E702421C6F3C}.Release|Any CPU.Build.0 = Release|Any CPU
	EndGlobalSection
	GlobalSection(SolutionProperties) = preSolution
		HideSolutionNode = FALSE
	EndGlobalSection
	GlobalSection(ExtensibilityGlobals) = postSolution
		SolutionGuid = {A9C90C0E-C809-4DFB-B496-1D7BBC5B590A}
	EndGlobalSection
EndGlobal
